[[package]]
name = "bespon"
version = "0.6.0"
description = "Python library for BespON"
category = "main"
optional = false
python-versions = "*"

[[package]]
name = "codebraid"
version = "0.10.3"
description = "Live code in Pandoc Markdown"
category = "main"
optional = false
python-versions = ">=3.7"

[package.dependencies]
bespon = ">=0.6"

[metadata]
lock-version = "1.1"
python-versions = "^3.10"
content-hash = "81c9415dbae422ac4694dcea32198211925a5badaa11533587ac0fea565a9694"

[metadata.files]
bespon = []
codebraid = []
